
Microsoft Visual Studio Solution File, Format Version 12.00
# Visual Studio Version 17
VisualStudioVersion = 17.6.33815.320
MinimumVisualStudioVersion = 10.0.40219.1
Project("{FAE04EC0-301F-11D3-BF4B-00C04F79EFBC}") = "FormRecognizer-Lectura", "FormRecognizer-Lectura\FormRecognizer-Lectura.csproj", "{F5CC61D2-CC38-4D4C-A0E9-A32667A1700A}"
EndProject
Global
	GlobalSection(SolutionConfigurationPlatforms) = preSolution
		Debug|Any CPU = Debug|Any CPU
		Release|Any CPU = Release|Any CPU
	EndGlobalSection
	GlobalSection(ProjectConfigurationPlatforms) = postSolution
		{F5CC61D2-CC38-4D4C-A0E9-A32667A1700A}.Debug|Any CPU.ActiveCfg = Debug|Any CPU
		{F5CC61D2-CC38-4D4C-A0E9-A32667A1700A}.Debug|Any CPU.Build.0 = Debug|Any CPU
		{F5CC61D2-CC38-4D4C-A0E9-A32667A1700A}.Release|Any CPU.ActiveCfg = Release|Any CPU
		{F5CC61D2-CC38-4D4C-A0E9-A32667A1700A}.Release|Any CPU.Build.0 = Release|Any CPU
	EndGlobalSection
	GlobalSection(SolutionProperties) = preSolution
		HideSolutionNode = FALSE
	EndGlobalSection
	GlobalSection(ExtensibilityGlobals) = postSolution
		SolutionGuid = {977BAF07-A56E-4A3C-9FCE-438F833CD174}
	EndGlobalSection
EndGlobal
